// !$*UTF8*$!
{
	archiveVersion = 1;
	classes = {
	};
	objectVersion = 46;
	objects = {

/* Begin PBXBuildFile section */
		239B88D61C6F43CC0083FF68 /* AppDelegate.swift in Sources */ = {isa = PBXBuildFile; fileRef = 239B88D51C6F43CC0083FF68 /* AppDelegate.swift */; };
		239B88D81C6F43CC0083FF68 /* ViewController.swift in Sources */ = {isa = PBXBuildFile; fileRef = 239B88D71C6F43CC0083FF68 /* ViewController.swift */; };
		239B88DB1C6F43CC0083FF68 /* Main.storyboard in Resources */ = {isa = PBXBuildFile; fileRef = 239B88D91C6F43CC0083FF68 /* Main.storyboard */; };
		239B88DD1C6F43CC0083FF68 /* Assets.xcassets in Resources */ = {isa = PBXBuildFile; fileRef = 239B88DC1C6F43CC0083FF68 /* Assets.xcassets */; };
		239B88E01C6F43CC0083FF68 /* LaunchScreen.storyboard in Resources */ = {isa = PBXBuildFile; fileRef = 239B88DE1C6F43CC0083FF68 /* LaunchScreen.storyboard */; };
		239B88E81C6F43ED0083FF68 /* PushButtonView.swift in Sources */ = {isa = PBXBuildFile; fileRef = 239B88E71C6F43ED0083FF68 /* PushButtonView.swift */; };
/* End PBXBuildFile section */

/* Begin PBXFileReference section */
		239B88D21C6F43CC0083FF68 /* CircleButton.app */ = {isa = PBXFileReference; explicitFileType = wrapper.application; includeInIndex = 0; path = CircleButton.app; sourceTree = BUILT_PRODUCTS_DIR; };
		239B88D51C6F43CC0083FF68 /* AppDelegate.swift */ = {isa = PBXFileReference; lastKnownFileType = sourcecode.swift; path = AppDelegate.swift; sourceTree = "<group>"; };
		239B88D71C6F43CC0083FF68 /* ViewController.swift */ = {isa = PBXFileReference; lastKnownFileType = sourcecode.swift; path = ViewController.swift; sourceTree = "<group>"; };
		239B88DA1C6F43CC0083FF68 /* Base */ = {isa = PBXFileReference; lastKnownFileType = file.storyboard; name = Base; path = Base.lproj/Main.storyboard; sourceTree = "<group>"; };
		239B88DC1C6F43CC0083FF68 /* Assets.xcassets */ = {isa = PBXFileReference; lastKnownFileType = folder.assetcatalog; path = Assets.xcassets; sourceTree = "<group>"; };
		239B88DF1C6F43CC0083FF68 /* Base */ = {isa = PBXFileReference; lastKnownFileType = file.storyboard; name = Base; path = Base.lproj/LaunchScreen.storyboard; sourceTree = "<group>"; };
		239B88E11C6F43CC0083FF68 /* Info.plist */ = {isa = PBXFileReference; lastKnownFileType = text.plist.xml; path = Info.plist; sourceTree = "<group>"; };
		239B88E71C6F43ED0083FF68 /* PushButtonView.swift */ = {isa = PBXFileReference; fileEncoding = 4; lastKnownFileType = sourcecode.swift; lineEnding = 0; path = PushButtonView.swift; sourceTree = "<group>"; };
/* End PBXFileReference section */

/* Begin PBXFrameworksBuildPhase section */
		239B88CF1C6F43CC0083FF68 /* Frameworks */ = {
			isa = PBXFrameworksBuildPhase;
			buildActionMask = 2147483647;
			files = (
			);
			runOnlyForDeploymentPostprocessing = 0;
		};
/* End PBXFrameworksBuildPhase section */

/* Begin PBXGroup section */
		239B88C91C6F43CC0083FF68 = {
			isa = PBXGroup;
			children = (
				239B88D41C6F43CC0083FF68 /* CircleButton */,
				239B88D31C6F43CC0083FF68 /* Products */,
			);
			sourceTree = "<group>";
		};
		239B88D31C6F43CC0083FF68 /* Products */ = {
			isa = PBXGroup;
			children = (
				239B88D21C6F43CC0083FF68 /* CircleButton.app */,
			);
			name = Products;
			sourceTree = "<group>";
		};
		239B88D41C6F43CC0083FF68 /* CircleButton */ = {
			isa = PBXGroup;
			children = (
				239B88D51C6F43CC0083FF68 /* AppDelegate.swift */,
				239B88D71C6F43CC0083FF68 /* ViewController.swift */,
				239B88D91C6F43CC0083FF68 /* Main.storyboard */,
				239B88DC1C6F43CC0083FF68 /* Assets.xcassets */,
				239B88DE1C6F43CC0083FF68 /* LaunchScreen.storyboard */,
				239B88E11C6F43CC0083FF68 /* Info.plist */,
				239B88E71C6F43ED0083FF68 /* PushButtonView.swift */,
			);
			path = CircleButton;
			sourceTree = "<group>";
		};
/* End PBXGroup section */

/* Begin PBXNativeTarget section */
		239B88D11C6F43CC0083FF68 /* CircleButton */ = {
			isa = PBXNativeTarget;
			buildConfigurationList = 239B88E41C6F43CC0083FF68 /* Build configuration list for PBXNativeTarget "CircleButton" */;
			buildPhases = (
				239B88CE1C6F43CC0083FF68 /* Sources */,
				239B88CF1C6F43CC0083FF68 /* Frameworks */,
				239B88D01C6F43CC0083FF68 /* Resources */,
			);
			buildRules = (
			);
			dependencies = (
			);
			name = CircleButton;
			productName = CircleButton;
			productReference = 239B88D21C6F43CC0083FF68 /* CircleButton.app */;
			productType = "com.apple.product-type.application";
		};
/* End PBXNativeTarget section */

/* Begin PBXProject section */
		239B88CA1C6F43CC0083FF68 /* Project object */ = {
			isa = PBXProject;
			attributes = {
				LastSwiftUpdateCheck = 0720;
				LastUpgradeCheck = 0720;
				ORGANIZATIONNAME = "Tania Berezovski";
				TargetAttributes = {
					239B88D11C6F43CC0083FF68 = {
						CreatedOnToolsVersion = 7.2.1;
						DevelopmentTeam = HS2EBXX3A9;
					};
				};
			};
			buildConfigurationList = 239B88CD1C6F43CC0083FF68 /* Build configuration list for PBXProject "CircleButton" */;
			compatibilityVersion = "Xcode 3.2";
			developmentRegion = English;
			hasScannedForEncodings = 0;
			knownRegions = (
				en,
				Base,
			);
			mainGroup = 239B88C91C6F43CC0083FF68;
			productRefGroup = 239B88D31C6F43CC0083FF68 /* Products */;
			projectDirPath = "";
			projectRoot = "";
			targets = (
				239B88D11C6F43CC0083FF68 /* CircleButton */,
			);
		};
/* End PBXProject section */

/* Begin PBXResourcesBuildPhase section */
		239B88D01C6F43CC0083FF68 /* Resources */ = {
			isa = PBXResourcesBuildPhase;
			buildActionMask = 2147483647;
			files = (
				239B88E01C6F43CC0083FF68 /* LaunchScreen.storyboard in Resources */,
				239B88DD1C6F43CC0083FF68 /* Assets.xcassets in Resources */,
				239B88DB1C6F43CC0083FF68 /* Main.storyboard in Resources */,
			);
			runOnlyForDeploymentPostprocessing = 0;
		};
/* End PBXResourcesBuildPhase section */

/* Begin PBXSourcesBuildPhase section */
		239B88CE1C6F43CC0083FF68 /* Sources */ = {
			isa = PBXSourcesBuildPhase;
			buildActionMask = 2147483647;
			files = (
				239B88D81C6F43CC0083FF68 /* ViewController.swift in Sources */,
				239B88E81C6F43ED0083FF68 /* PushButtonView.swift in Sources */,
				239B88D61C6F43CC0083FF68 /* AppDelegate.swift in Sources */,
			);
			runOnlyForDeploymentPostprocessing = 0;
		};
/* End PBXSourcesBuildPhase section */

/* Begin PBXVariantGroup section */
		239B88D91C6F43CC0083FF68 /* Main.storyboard */ = {
			isa = PBXVariantGroup;
			children = (
				239B88DA1C6F43CC0083FF68 /* Base */,
			);
			name = Main.storyboard;
			sourceTree = "<group>";
		};
		239B88DE1C6F43CC0083FF68 /* LaunchScreen.storyboard */ = {
			isa = PBXVariantGroup;
			children = (
				239B88DF1C6F43CC0083FF68 /* Base */,
			);
			name = LaunchScreen.storyboard;
			sourceTree = "<group>";
		};
/* End PBXVariantGroup section */

/* Begin XCBuildConfiguration section */
		239B88E21C6F43CC0083FF68 /* Debug */ = {
			isa = XCBuildConfiguration;
			buildSettings = {
				ALWAYS_SEARCH_USER_PATHS = NO;
				CLANG_CXX_LANGUAGE_STANDARD = "gnu++0x";
				CLANG_CXX_LIBRARY = "libc++";
				CLANG_ENABLE_MODULES = YES;
				CLANG_ENABLE_OBJC_ARC = YES;
				CLANG_WARN_BOOL_CONVERSION = YES;
				CLANG_WARN_CONSTANT_CONVERSION = YES;
				CLANG_WARN_DIRECT_OBJC_ISA_USAGE = YES_ERROR;
				CLANG_WARN_EMPTY_BODY = YES;
				CLANG_WARN_ENUM_CONVERSION = YES;
				CLANG_WARN_INT_CONVERSION = YES;
				CLANG_WARN_OBJC_ROOT_CLASS = YES_ERROR;
				CLANG_WARN_UNREACHABLE_CODE = YES;
				CLANG_WARN__DUPLICATE_METHOD_MATCH = YES;
				"CODE_SIGN_IDENTITY[sdk=iphoneos*]" = "iPhone Developer";
				COPY_PHASE_STRIP = NO;
				DEBUG_INFORMATION_FORMAT = dwarf;
				ENABLE_STRICT_OBJC_MSGSEND = YES;
				ENABLE_TESTABILITY = YES;
				GCC_C_LANGUAGE_STANDARD = gnu99;
				GCC_DYNAMIC_NO_PIC = NO;
				GCC_NO_COMMON_BLOCKS = YES;
				GCC_OPTIMIZATION_LEVEL = 0;
				GCC_PREPROCESSOR_DEFINITIONS = (
					"DEBUG=1",
					"$(inherited)",
				);
				GCC_WARN_64_TO_32_BIT_CONVERSION = YES;
				GCC_WARN_ABOUT_RETURN_TYPE = YES_ERROR;
				GCC_WARN_UNDECLARED_SELECTOR = YES;
				GCC_WARN_UNINITIALIZED_AUTOS = YES_AGGRESSIVE;
				GCC_WARN_UNUSED_FUNCTION = YES;
				GCC_WARN_UNUSED_VARIABLE = YES;
				IPHONEOS_DEPLOYMENT_TARGET = 9.2;
				MTL_ENABLE_DEBUG_INFO = YES;
				ONLY_ACTIVE_ARCH = YES;
				SDKROOT = iphoneos;
				SWIFT_OPTIMIZATION_LEVEL = "-Onone";
			};
			name = Debug;
		};
		239B88E31C6F43CC0083FF68 /* Release */ = {
			isa = XCBuildConfiguration;
			buildSettings = {
				ALWAYS_SEARCH_USER_PATHS = NO;
				CLANG_CXX_LANGUAGE_STANDARD = "gnu++0x";
				CLANG_CXX_LIBRARY = "libc++";
				CLANG_ENABLE_MODULES = YES;
				CLANG_ENABLE_OBJC_ARC = YES;
				CLANG_WARN_BOOL_CONVERSION = YES;
				CLANG_WARN_CONSTANT_CONVERSION = YES;
				CLANG_WARN_DIRECT_OBJC_ISA_USAGE = YES_ERROR;
				CLANG_WARN_EMPTY_BODY = YES;
				CLANG_WARN_ENUM_CONVERSION = YES;
				CLANG_WARN_INT_CONVERSION = YES;
				CLANG_WARN_OBJC_ROOT_CLASS = YES_ERROR;
				CLANG_WARN_UNREACHABLE_CODE = YES;
				CLANG_WARN__DUPLICATE_METHOD_MATCH = YES;
				"CODE_SIGN_IDENTITY[sdk=iphoneos*]" = "iPhone Developer";
				COPY_PHASE_STRIP = NO;
				DEBUG_INFORMATION_FORMAT = "dwarf-with-dsym";
				ENABLE_NS_ASSERTIONS = NO;
				ENABLE_STRICT_OBJC_MSGSEND = YES;
				GCC_C_LANGUAGE_STANDARD = gnu99;
				GCC_NO_COMMON_BLOCKS = YES;
				GCC_WARN_64_TO_32_BIT_CONVERSION = YES;
				GCC_WARN_ABOUT_RETURN_TYPE = YES_ERROR;
				GCC_WARN_UNDECLARED_SELECTOR = YES;
				GCC_WARN_UNINITIALIZED_AUTOS = YES_AGGRESSIVE;
				GCC_WARN_UNUSED_FUNCTION = YES;
				GCC_WARN_UNUSED_VARIABLE = YES;
				IPHONEOS_DEPLOYMENT_TARGET = 9.2;
				MTL_ENABLE_DEBUG_INFO = NO;
				SDKROOT = iphoneos;
				VALIDATE_PRODUCT = YES;
			};
			name = Release;
		};
		239B88E51C6F43CC0083FF68 /* Debug */ = {
			isa = XCBuildConfiguration;
			buildSettings = {
				ASSETCATALOG_COMPILER_APPICON_NAME = AppIcon;
				INFOPLIST_FILE = CircleButton/Info.plist;
				LD_RUNPATH_SEARCH_PATHS = "$(inherited) @executable_path/Frameworks";
				PRODUCT_BUNDLE_IDENTIFIER = krote.dom.tania.CircleButton;
				PRODUCT_NAME = "$(TARGET_NAME)";
			};
			name = Debug;
		};
		239B88E61C6F43CC0083FF68 /* Release */ = {
			isa = XCBuildConfiguration;
			buildSettings = {
				ASSETCATALOG_COMPILER_APPICON_NAME = AppIcon;
				INFOPLIST_FILE = CircleButton/Info.plist;
				LD_RUNPATH_SEARCH_PATHS = "$(inherited) @executable_path/Frameworks";
				PRODUCT_BUNDLE_IDENTIFIER = krote.dom.tania.CircleButton;
				PRODUCT_NAME = "$(TARGET_NAME)";
			};
			name = Release;
		};
/* End XCBuildConfiguration section */

/* Begin XCConfigurationList section */
		239B88CD1C6F43CC0083FF68 /* Build configuration list for PBXProject "CircleButton" */ = {
			isa = XCConfigurationList;
			buildConfigurations = (
				239B88E21C6F43CC0083FF68 /* Debug */,
				239B88E31C6F43CC0083FF68 /* Release */,
			);
			defaultConfigurationIsVisible = 0;
			defaultConfigurationName = Release;
		};
		239B88E41C6F43CC0083FF68 /* Build configuration list for PBXNativeTarget "CircleButton" */ = {
			isa = XCConfigurationList;
			buildConfigurations = (
				239B88E51C6F43CC0083FF68 /* Debug */,
				239B88E61C6F43CC0083FF68 /* Release */,
			);
			defaultConfigurationIsVisible = 0;
		};
/* End XCConfigurationList section */
	};
	rootObject = 239B88CA1C6F43CC0083FF68 /* Project object */;
}
